
Microsoft Visual Studio Solution File, Format Version 12.00
# Visual Studio Version 17
VisualStudioVersion = 17.14.36414.22 d17.14
MinimumVisualStudioVersion = 10.0.40219.1
Project("{FAE04EC0-301F-11D3-BF4B-00C04F79EFBC}") = "TI_Net_2025_DemoAPI.API", "TI_Net_2025_DemoAPI.API\TI_Net_2025_DemoAPI.API.csproj", "{74C5E7BF-FFA1-4AFE-B706-C93A865535A3}"
EndProject
Global
	GlobalSection(SolutionConfigurationPlatforms) = preSolution
		Debug|Any CPU = Debug|Any CPU
		Release|Any CPU = Release|Any CPU
	EndGlobalSection
	GlobalSection(ProjectConfigurationPlatforms) = postSolution
		{74C5E7BF-FFA1-4AFE-B706-C93A865535A3}.Debug|Any CPU.ActiveCfg = Debug|Any CPU
		{74C5E7BF-FFA1-4AFE-B706-C93A865535A3}.Debug|Any CPU.Build.0 = Debug|Any CPU
		{74C5E7BF-FFA1-4AFE-B706-C93A865535A3}.Release|Any CPU.ActiveCfg = Release|Any CPU
		{74C5E7BF-FFA1-4AFE-B706-C93A865535A3}.Release|Any CPU.Build.0 = Release|Any CPU
	EndGlobalSection
	GlobalSection(SolutionProperties) = preSolution
		HideSolutionNode = FALSE
	EndGlobalSection
	GlobalSection(ExtensibilityGlobals) = postSolution
		SolutionGuid = {F7C586E8-4EE7-4D36-B819-A3E4EF41746B}
	EndGlobalSection
EndGlobal
