
Microsoft Visual Studio Solution File, Format Version 12.00
# Visual Studio Version 17
VisualStudioVersion = 17.14.36414.22
MinimumVisualStudioVersion = 10.0.40219.1
Project("{FAE04EC0-301F-11D3-BF4B-00C04F79EFBC}") = "TI_Net_2025_DemoAPI.API", "TI_Net_2025_DemoAPI.API\TI_Net_2025_DemoAPI.API.csproj", "{74C5E7BF-FFA1-4AFE-B706-C93A865535A3}"
EndProject
Project("{FAE04EC0-301F-11D3-BF4B-00C04F79EFBC}") = "TI_Net_2025_DemoAPI.BLL", "TI_Net_2025_DemoAPI.BLL\TI_Net_2025_DemoAPI.BLL.csproj", "{2F3D09F6-3952-427E-83F3-0C89C53B17A2}"
EndProject
Project("{FAE04EC0-301F-11D3-BF4B-00C04F79EFBC}") = "TI_Net_2025_DemoAPI.DAL", "TI_Net_2025_DemoAPI.DAL\TI_Net_2025_DemoAPI.DAL.csproj", "{C29D3B97-D4C7-42AE-9A30-3EC9DBC24BBB}"
EndProject
Project("{FAE04EC0-301F-11D3-BF4B-00C04F79EFBC}") = "TI_Net_2025_DemoAPI.DL", "TI_Net_2025_DemoAPI.DL\TI_Net_2025_DemoAPI.DL.csproj", "{8B3C5BF4-2DCD-4AE9-BB17-582F326CE69B}"
EndProject
Project("{FAE04EC0-301F-11D3-BF4B-00C04F79EFBC}") = "TI_Net_2025_DemoAPI.IL", "TI_Net_2025_DemoAPI.IL\TI_Net_2025_DemoAPI.IL.csproj", "{9F776576-434E-49EC-9B29-B8F5D1C259C6}"
EndProject
Global
	GlobalSection(SolutionConfigurationPlatforms) = preSolution
		Debug|Any CPU = Debug|Any CPU
		Release|Any CPU = Release|Any CPU
	EndGlobalSection
	GlobalSection(ProjectConfigurationPlatforms) = postSolution
		{74C5E7BF-FFA1-4AFE-B706-C93A865535A3}.Debug|Any CPU.ActiveCfg = Debug|Any CPU
		{74C5E7BF-FFA1-4AFE-B706-C93A865535A3}.Debug|Any CPU.Build.0 = Debug|Any CPU
		{74C5E7BF-FFA1-4AFE-B706-C93A865535A3}.Release|Any CPU.ActiveCfg = Release|Any CPU
		{74C5E7BF-FFA1-4AFE-B706-C93A865535A3}.Release|Any CPU.Build.0 = Release|Any CPU
		{2F3D09F6-3952-427E-83F3-0C89C53B17A2}.Debug|Any CPU.ActiveCfg = Debug|Any CPU
		{2F3D09F6-3952-427E-83F3-0C89C53B17A2}.Debug|Any CPU.Build.0 = Debug|Any CPU
		{2F3D09F6-3952-427E-83F3-0C89C53B17A2}.Release|Any CPU.ActiveCfg = Release|Any CPU
		{2F3D09F6-3952-427E-83F3-0C89C53B17A2}.Release|Any CPU.Build.0 = Release|Any CPU
		{C29D3B97-D4C7-42AE-9A30-3EC9DBC24BBB}.Debug|Any CPU.ActiveCfg = Debug|Any CPU
		{C29D3B97-D4C7-42AE-9A30-3EC9DBC24BBB}.Debug|Any CPU.Build.0 = Debug|Any CPU
		{C29D3B97-D4C7-42AE-9A30-3EC9DBC24BBB}.Release|Any CPU.ActiveCfg = Release|Any CPU
		{C29D3B97-D4C7-42AE-9A30-3EC9DBC24BBB}.Release|Any CPU.Build.0 = Release|Any CPU
		{8B3C5BF4-2DCD-4AE9-BB17-582F326CE69B}.Debug|Any CPU.ActiveCfg = Debug|Any CPU
		{8B3C5BF4-2DCD-4AE9-BB17-582F326CE69B}.Debug|Any CPU.Build.0 = Debug|Any CPU
		{8B3C5BF4-2DCD-4AE9-BB17-582F326CE69B}.Release|Any CPU.ActiveCfg = Release|Any CPU
		{8B3C5BF4-2DCD-4AE9-BB17-582F326CE69B}.Release|Any CPU.Build.0 = Release|Any CPU
		{9F776576-434E-49EC-9B29-B8F5D1C259C6}.Debug|Any CPU.ActiveCfg = Debug|Any CPU
		{9F776576-434E-49EC-9B29-B8F5D1C259C6}.Debug|Any CPU.Build.0 = Debug|Any CPU
		{9F776576-434E-49EC-9B29-B8F5D1C259C6}.Release|Any CPU.ActiveCfg = Release|Any CPU
		{9F776576-434E-49EC-9B29-B8F5D1C259C6}.Release|Any CPU.Build.0 = Release|Any CPU
	EndGlobalSection
	GlobalSection(SolutionProperties) = preSolution
		HideSolutionNode = FALSE
	EndGlobalSection
	GlobalSection(ExtensibilityGlobals) = postSolution
		SolutionGuid = {F7C586E8-4EE7-4D36-B819-A3E4EF41746B}
	EndGlobalSection
EndGlobal
